{
  "name": "monitor-agent",
  "version": "1.0.0",
  "lockfileVersion": 3,
  "requires": true,
  "packages": {
    "": {
      "name": "monitor-agent",
      "version": "1.0.0",
      "dependencies": {
        "systeminformation": "^5.33.1",
        "ws": "^8.18.0"
      }
    },
    "node_modules/systeminformation": {
      "version": "5.33.1",
      "resolved": "https://registry.npmjs.org/systeminformation/-/systeminformation-5.33.1.tgz",
      "integrity": "sha512-DEN6ICHk3Tk0Uf/hrAHh7xlt7iL5CJFBtPZinA0H62DrGG/KPKqq/Nzj6lCXPS4Ay/sf/14zNnk9LpqKzBIc+w==",
      "license": "MIT",
      "os": [
        "darwin",
        "linux",
        "win32",
        "freebsd",
        "openbsd",
        "netbsd",
        "sunos",
        "android"
      ],
      "bin": {
        "systeminformation": "lib/cli.js"
      },
      "engines": {
        "node": ">=10.0.0"
      },
      "funding": {
        "type": "Buy me a coffee",
        "url": "https://www.buymeacoffee.com/systeminfo"
      }
    },
    "node_modules/ws": {
      "version": "8.21.3",
      "resolved": "https://registry.npmjs.org/ws/-/ws-8.21.3.tgz",
      "integrity": "sha512-201TZ/kPWxoPr/OKWjquZR1SWKXcvxdH+e1xrx89b3YbmzLMFCLfnaG1HFIgWzJOEWZ7MvpK++odZufgYR50Rw==",
      "license": "MIT",
      "engines": {
        "node": ">=10.0.0"
      },
      "peerDependencies": {
        "bufferutil": "^4.0.1",
        "utf-8-validate": ">=5.0.2"
      },
      "peerDependenciesMeta": {
        "bufferutil": {
          "optional": true
        },
        "utf-8-validate": {
          "optional": true
        }
      }
    }
  }
}
